<Solution>
  <Project Path="MCPForUnity.Editor.csproj" />
  <Project Path="TowerDefense.EditMode.csproj" />
  <Project Path="MCPForUnity.Runtime.csproj" />
  <Project Path="TowerDefense.Game.csproj" />
  <Project Path="Assembly-CSharp-Editor.csproj" />
  <Project Path="TowerDefense.PlayMode.csproj" />
</Solution>
